
Microsoft Visual Studio Solution File, Format Version 12.00
# Visual Studio Version 17
VisualStudioVersion = 17.5.002.0
MinimumVisualStudioVersion = 10.0.40219.1
Project("{9A19103F-16F7-4668-BE54-9A1E7A4F7556}") = "EffSln.EtradeSdk", "EffSln.EtradeSdk\EffSln.EtradeSdk.csproj", "{BFC3FA1B-7742-4045-9DBA-7D4C3E0D559E}"
EndProject
Project("{FAE04EC0-301F-11D3-BF4B-00C04F79EFBC}") = "EffSln.EtradeSdkTest", "EffSln.EtradeSdkTest\EffSln.EtradeSdkTest.csproj", "{57DF0BCF-2262-4A82-8D06-9A9A62B28DF5}"
EndProject
Global
	GlobalSection(SolutionConfigurationPlatforms) = preSolution
		Debug|Any CPU = Debug|Any CPU
		Release|Any CPU = Release|Any CPU
	EndGlobalSection
	GlobalSection(ProjectConfigurationPlatforms) = postSolution
		{BFC3FA1B-7742-4045-9DBA-7D4C3E0D559E}.Debug|Any CPU.ActiveCfg = Debug|Any CPU
		{BFC3FA1B-7742-4045-9DBA-7D4C3E0D559E}.Debug|Any CPU.Build.0 = Debug|Any CPU
		{BFC3FA1B-7742-4045-9DBA-7D4C3E0D559E}.Release|Any CPU.ActiveCfg = Release|Any CPU
		{BFC3FA1B-7742-4045-9DBA-7D4C3E0D559E}.Release|Any CPU.Build.0 = Release|Any CPU
		{57DF0BCF-2262-4A82-8D06-9A9A62B28DF5}.Debug|Any CPU.ActiveCfg = Debug|Any CPU
		{57DF0BCF-2262-4A82-8D06-9A9A62B28DF5}.Debug|Any CPU.Build.0 = Debug|Any CPU
		{57DF0BCF-2262-4A82-8D06-9A9A62B28DF5}.Release|Any CPU.ActiveCfg = Release|Any CPU
		{57DF0BCF-2262-4A82-8D06-9A9A62B28DF5}.Release|Any CPU.Build.0 = Release|Any CPU
	EndGlobalSection
	GlobalSection(SolutionProperties) = preSolution
		HideSolutionNode = FALSE
	EndGlobalSection
	GlobalSection(ExtensibilityGlobals) = postSolution
		SolutionGuid = {59FD683D-9283-418E-B3F5-709321DED610}
	EndGlobalSection
EndGlobal
